
Microsoft Visual Studio Solution File, Format Version 12.00
# Visual Studio Version 16
VisualStudioVersion = 16.0.31729.503
MinimumVisualStudioVersion = 10.0.40219.1
Project("{FAE04EC0-301F-11D3-BF4B-00C04F79EFBC}") = "BaiOnTap", "BaiOnTap.csproj", "{4E45F724-91C6-4514-A399-11263B7BC760}"
EndProject
Global
	GlobalSection(SolutionConfigurationPlatforms) = preSolution
		Debug|Any CPU = Debug|Any CPU
		Release|Any CPU = Release|Any CPU
	EndGlobalSection
	GlobalSection(ProjectConfigurationPlatforms) = postSolution
		{4E45F724-91C6-4514-A399-11263B7BC760}.Debug|Any CPU.ActiveCfg = Debug|Any CPU
		{4E45F724-91C6-4514-A399-11263B7BC760}.Debug|Any CPU.Build.0 = Debug|Any CPU
		{4E45F724-91C6-4514-A399-11263B7BC760}.Release|Any CPU.ActiveCfg = Release|Any CPU
		{4E45F724-91C6-4514-A399-11263B7BC760}.Release|Any CPU.Build.0 = Release|Any CPU
	EndGlobalSection
	GlobalSection(SolutionProperties) = preSolution
		HideSolutionNode = FALSE
	EndGlobalSection
	GlobalSection(ExtensibilityGlobals) = postSolution
		SolutionGuid = {72804F13-E0CE-4046-807E-CFCA17EE6F9F}
	EndGlobalSection
EndGlobal
