
Microsoft Visual Studio Solution File, Format Version 12.00
# Visual Studio Version 16
VisualStudioVersion = 16.0.31515.178
MinimumVisualStudioVersion = 10.0.40219.1
Project("{FAE04EC0-301F-11D3-BF4B-00C04F79EFBC}") = "CSharpCanBan", "CSharpCanBan.csproj", "{D791E486-E363-47BA-BF9B-F0C21F6E6490}"
EndProject
Project("{FAE04EC0-301F-11D3-BF4B-00C04F79EFBC}") = "TamGiac", "..\TamGiac\TamGiac.csproj", "{835BB962-B881-42DF-BEC4-2857146E122B}"
EndProject
Project("{FAE04EC0-301F-11D3-BF4B-00C04F79EFBC}") = "XepLoaiHS", "..\XepLoaiHS\XepLoaiHS.csproj", "{F397572C-A78D-48A2-BBB2-E36D6E095D7A}"
EndProject
Project("{FAE04EC0-301F-11D3-BF4B-00C04F79EFBC}") = "TongChuoi", "..\TongChuoi\TongChuoi.csproj", "{183E9D87-981C-4FC2-8816-E1052EE3C70C}"
EndProject
Project("{FAE04EC0-301F-11D3-BF4B-00C04F79EFBC}") = "CanBacHai", "..\CanBacHai\CanBacHai.csproj", "{83BFEFAE-D170-495B-8974-752A60383D8D}"
EndProject
Global
	GlobalSection(SolutionConfigurationPlatforms) = preSolution
		Debug|Any CPU = Debug|Any CPU
		Release|Any CPU = Release|Any CPU
	EndGlobalSection
	GlobalSection(ProjectConfigurationPlatforms) = postSolution
		{D791E486-E363-47BA-BF9B-F0C21F6E6490}.Debug|Any CPU.ActiveCfg = Debug|Any CPU
		{D791E486-E363-47BA-BF9B-F0C21F6E6490}.Debug|Any CPU.Build.0 = Debug|Any CPU
		{D791E486-E363-47BA-BF9B-F0C21F6E6490}.Release|Any CPU.ActiveCfg = Release|Any CPU
		{D791E486-E363-47BA-BF9B-F0C21F6E6490}.Release|Any CPU.Build.0 = Release|Any CPU
		{835BB962-B881-42DF-BEC4-2857146E122B}.Debug|Any CPU.ActiveCfg = Debug|Any CPU
		{835BB962-B881-42DF-BEC4-2857146E122B}.Debug|Any CPU.Build.0 = Debug|Any CPU
		{835BB962-B881-42DF-BEC4-2857146E122B}.Release|Any CPU.ActiveCfg = Release|Any CPU
		{835BB962-B881-42DF-BEC4-2857146E122B}.Release|Any CPU.Build.0 = Release|Any CPU
		{F397572C-A78D-48A2-BBB2-E36D6E095D7A}.Debug|Any CPU.ActiveCfg = Debug|Any CPU
		{F397572C-A78D-48A2-BBB2-E36D6E095D7A}.Debug|Any CPU.Build.0 = Debug|Any CPU
		{F397572C-A78D-48A2-BBB2-E36D6E095D7A}.Release|Any CPU.ActiveCfg = Release|Any CPU
		{F397572C-A78D-48A2-BBB2-E36D6E095D7A}.Release|Any CPU.Build.0 = Release|Any CPU
		{183E9D87-981C-4FC2-8816-E1052EE3C70C}.Debug|Any CPU.ActiveCfg = Debug|Any CPU
		{183E9D87-981C-4FC2-8816-E1052EE3C70C}.Debug|Any CPU.Build.0 = Debug|Any CPU
		{183E9D87-981C-4FC2-8816-E1052EE3C70C}.Release|Any CPU.ActiveCfg = Release|Any CPU
		{183E9D87-981C-4FC2-8816-E1052EE3C70C}.Release|Any CPU.Build.0 = Release|Any CPU
		{83BFEFAE-D170-495B-8974-752A60383D8D}.Debug|Any CPU.ActiveCfg = Debug|Any CPU
		{83BFEFAE-D170-495B-8974-752A60383D8D}.Debug|Any CPU.Build.0 = Debug|Any CPU
		{83BFEFAE-D170-495B-8974-752A60383D8D}.Release|Any CPU.ActiveCfg = Release|Any CPU
		{83BFEFAE-D170-495B-8974-752A60383D8D}.Release|Any CPU.Build.0 = Release|Any CPU
	EndGlobalSection
	GlobalSection(SolutionProperties) = preSolution
		HideSolutionNode = FALSE
	EndGlobalSection
	GlobalSection(ExtensibilityGlobals) = postSolution
		SolutionGuid = {FBADDBE1-33F2-4766-B8AF-3549BBA934CE}
	EndGlobalSection
EndGlobal
