
Microsoft Visual Studio Solution File, Format Version 12.00
# Visual Studio Version 16
VisualStudioVersion = 16.0.31702.278
MinimumVisualStudioVersion = 10.0.40219.1
Project("{FAE04EC0-301F-11D3-BF4B-00C04F79EFBC}") = "DemGUI", "DemGUI\DemGUI.csproj", "{311FAFD0-0852-4253-BBFA-71A4A1917C6A}"
EndProject
Global
	GlobalSection(SolutionConfigurationPlatforms) = preSolution
		Debug|Any CPU = Debug|Any CPU
		Release|Any CPU = Release|Any CPU
	EndGlobalSection
	GlobalSection(ProjectConfigurationPlatforms) = postSolution
		{311FAFD0-0852-4253-BBFA-71A4A1917C6A}.Debug|Any CPU.ActiveCfg = Debug|Any CPU
		{311FAFD0-0852-4253-BBFA-71A4A1917C6A}.Debug|Any CPU.Build.0 = Debug|Any CPU
		{311FAFD0-0852-4253-BBFA-71A4A1917C6A}.Release|Any CPU.ActiveCfg = Release|Any CPU
		{311FAFD0-0852-4253-BBFA-71A4A1917C6A}.Release|Any CPU.Build.0 = Release|Any CPU
	EndGlobalSection
	GlobalSection(SolutionProperties) = preSolution
		HideSolutionNode = FALSE
	EndGlobalSection
	GlobalSection(ExtensibilityGlobals) = postSolution
		SolutionGuid = {AA1FA74E-D401-4CA7-8E44-418C995D78E3}
	EndGlobalSection
EndGlobal
