
Microsoft Visual Studio Solution File, Format Version 12.00
# Visual Studio Version 16
VisualStudioVersion = 16.0.31729.503
MinimumVisualStudioVersion = 10.0.40219.1
Project("{FAE04EC0-301F-11D3-BF4B-00C04F79EFBC}") = "DBDemo", "DBDemo.csproj", "{6EF1723B-C987-4A4E-A4E6-A703FDF3EE25}"
EndProject
Global
	GlobalSection(SolutionConfigurationPlatforms) = preSolution
		Debug|Any CPU = Debug|Any CPU
		Release|Any CPU = Release|Any CPU
	EndGlobalSection
	GlobalSection(ProjectConfigurationPlatforms) = postSolution
		{6EF1723B-C987-4A4E-A4E6-A703FDF3EE25}.Debug|Any CPU.ActiveCfg = Debug|Any CPU
		{6EF1723B-C987-4A4E-A4E6-A703FDF3EE25}.Debug|Any CPU.Build.0 = Debug|Any CPU
		{6EF1723B-C987-4A4E-A4E6-A703FDF3EE25}.Release|Any CPU.ActiveCfg = Release|Any CPU
		{6EF1723B-C987-4A4E-A4E6-A703FDF3EE25}.Release|Any CPU.Build.0 = Release|Any CPU
	EndGlobalSection
	GlobalSection(SolutionProperties) = preSolution
		HideSolutionNode = FALSE
	EndGlobalSection
	GlobalSection(ExtensibilityGlobals) = postSolution
		SolutionGuid = {2EC0E3D0-5C31-483D-8942-E6DCCB73C91B}
	EndGlobalSection
EndGlobal
